
Microsoft Visual Studio Solution File, Format Version 12.00
# Visual Studio Version 17
VisualStudioVersion = 17.1.31903.286
MinimumVisualStudioVersion = 10.0.40219.1
Project("{2150E333-8FDC-42A3-9474-1A3956D46DE8}") = "src", "src", "{05229ABA-1BAE-4E68-9A34-CC1DD0047115}"
EndProject
Project("{2150E333-8FDC-42A3-9474-1A3956D46DE8}") = "test", "test", "{7029E628-E60A-4C19-83F5-485938961902}"
EndProject
Project("{9A19103F-16F7-4668-BE54-9A1E7A4F7556}") = "ApiDemo.MinimalAPI", "src\ApiDemo.MinimalAPI\ApiDemo.MinimalAPI.csproj", "{322E6A95-BA94-4D6E-9E2B-7E08E8CBF86F}"
EndProject
Global
	GlobalSection(SolutionConfigurationPlatforms) = preSolution
		Debug|Any CPU = Debug|Any CPU
		Release|Any CPU = Release|Any CPU
	EndGlobalSection
	GlobalSection(ProjectConfigurationPlatforms) = postSolution
		{322E6A95-BA94-4D6E-9E2B-7E08E8CBF86F}.Debug|Any CPU.ActiveCfg = Debug|Any CPU
		{322E6A95-BA94-4D6E-9E2B-7E08E8CBF86F}.Debug|Any CPU.Build.0 = Debug|Any CPU
		{322E6A95-BA94-4D6E-9E2B-7E08E8CBF86F}.Release|Any CPU.ActiveCfg = Release|Any CPU
		{322E6A95-BA94-4D6E-9E2B-7E08E8CBF86F}.Release|Any CPU.Build.0 = Release|Any CPU
	EndGlobalSection
	GlobalSection(SolutionProperties) = preSolution
		HideSolutionNode = FALSE
	EndGlobalSection
	GlobalSection(NestedProjects) = preSolution
		{322E6A95-BA94-4D6E-9E2B-7E08E8CBF86F} = {05229ABA-1BAE-4E68-9A34-CC1DD0047115}
	EndGlobalSection
	GlobalSection(ExtensibilityGlobals) = postSolution
		SolutionGuid = {34CEE070-C57E-4906-906C-B065557BF90D}
	EndGlobalSection
EndGlobal
